# This file was autogenerated by Stack.
# You should not edit this file by hand.
# For more information, please see the documentation at:
#   https://docs.haskellstack.org/en/stable/lock_files

packages:
- completed:
    commit: a1e47e69e68f6f70f8eca40d28dd8b702262a123
    git: https://github.com/jswebtools/language-ecmascript.git
    name: language-ecmascript
    pantry-tree:
      sha256: ceadfc1876272ee9bf92d76d08ffff4807e3436ba86d1e4b22a3a0db926ec59d
      size: 3166
    version: 0.19.1.0
  original:
    commit: a1e47e69e68f6f70f8eca40d28dd8b702262a123
    git: https://github.com/jswebtools/language-ecmascript.git
- completed:
    hackage: ansi-wl-pprint-0.6.9@sha256:fb737bc96e2aef34ad595d54ced7a73f648c521ebcb00fe0679aff45ccd49212,2448
    pantry-tree:
      sha256: ebb02b32915c04146b193949c3c48d9e8200c152f38947e8d23ca25b0997e188
      size: 472
  original:
    hackage: ansi-wl-pprint-0.6.9@sha256:fb737bc96e2aef34ad595d54ced7a73f648c521ebcb00fe0679aff45ccd49212,2448
snapshots:
- completed:
    sha256: 9bebedd3de0195aa01fd55de7f6d4446667440297a7315e69cd72c2610af265f
    size: 713338
    url: https://raw.githubusercontent.com/commercialhaskell/stackage-snapshots/master/lts/22/18.yaml
  original: lts-22.18
